// !$*UTF8*$!
{
	archiveVersion = 1;
	classes = {
	};
	objectVersion = 56;
	objects = {

/* Begin PBXBuildFile section */
		3F6A261E292689AD003F4A65 /* AddNewTask.swift in Sources */ = {isa = PBXBuildFile; fileRef = 3F6A261D292689AD003F4A65 /* AddNewTask.swift */; };
		3F6FECED292D0AA100023F98 /* DynamicFilteredView.swift in Sources */ = {isa = PBXBuildFile; fileRef = 3F6FECEC292D0AA100023F98 /* DynamicFilteredView.swift */; };
		3F778E572922524B00DA2463 /* TaskManagerApp.swift in Sources */ = {isa = PBXBuildFile; fileRef = 3F778E562922524B00DA2463 /* TaskManagerApp.swift */; };
		3F778E592922524B00DA2463 /* ContentView.swift in Sources */ = {isa = PBXBuildFile; fileRef = 3F778E582922524B00DA2463 /* ContentView.swift */; };
		3F778E5B2922524E00DA2463 /* Assets.xcassets in Resources */ = {isa = PBXBuildFile; fileRef = 3F778E5A2922524E00DA2463 /* Assets.xcassets */; };
		3F778E5E2922524E00DA2463 /* Preview Assets.xcassets in Resources */ = {isa = PBXBuildFile; fileRef = 3F778E5D2922524E00DA2463 /* Preview Assets.xcassets */; };
		3F778E602922524E00DA2463 /* Persistence.swift in Sources */ = {isa = PBXBuildFile; fileRef = 3F778E5F2922524E00DA2463 /* Persistence.swift */; };
		3F778E632922524E00DA2463 /* TaskManager.xcdatamodeld in Sources */ = {isa = PBXBuildFile; fileRef = 3F778E612922524E00DA2463 /* TaskManager.xcdatamodeld */; };
		3F778E6E2922570D00DA2463 /* Home.swift in Sources */ = {isa = PBXBuildFile; fileRef = 3F778E6D2922570D00DA2463 /* Home.swift */; };
		3F778E7029225A4C00DA2463 /* TaskViewModel.swift in Sources */ = {isa = PBXBuildFile; fileRef = 3F778E6F29225A4C00DA2463 /* TaskViewModel.swift */; };
		3FAB6D8E2936415F0097BE16 /* Intro.swift in Sources */ = {isa = PBXBuildFile; fileRef = 3FAB6D8D2936415F0097BE16 /* Intro.swift */; };
		3FAB6D91293642AC0097BE16 /* AuthToken.swift in Sources */ = {isa = PBXBuildFile; fileRef = 3FAB6D90293642AC0097BE16 /* AuthToken.swift */; };
		3FAB6D932936436B0097BE16 /* IntroView.swift in Sources */ = {isa = PBXBuildFile; fileRef = 3FAB6D922936436B0097BE16 /* IntroView.swift */; };
		3FAB6D9829364A4B0097BE16 /* WorkSans-Medium.ttf in Resources */ = {isa = PBXBuildFile; fileRef = 3FAB6D9429364A4B0097BE16 /* WorkSans-Medium.ttf */; };
		3FAB6D9929364A4B0097BE16 /* WorkSans-Bold.ttf in Resources */ = {isa = PBXBuildFile; fileRef = 3FAB6D9529364A4B0097BE16 /* WorkSans-Bold.ttf */; };
		3FAB6D9A29364A4B0097BE16 /* WorkSans-Regular.ttf in Resources */ = {isa = PBXBuildFile; fileRef = 3FAB6D9629364A4B0097BE16 /* WorkSans-Regular.ttf */; };
		3FAB6D9B29364A4B0097BE16 /* WorkSans-SemiBold.ttf in Resources */ = {isa = PBXBuildFile; fileRef = 3FAB6D9729364A4B0097BE16 /* WorkSans-SemiBold.ttf */; };
/* End PBXBuildFile section */

/* Begin PBXFileReference section */
		3F6A261D292689AD003F4A65 /* AddNewTask.swift */ = {isa = PBXFileReference; lastKnownFileType = sourcecode.swift; path = AddNewTask.swift; sourceTree = "<group>"; };
		3F6FECEC292D0AA100023F98 /* DynamicFilteredView.swift */ = {isa = PBXFileReference; lastKnownFileType = sourcecode.swift; path = DynamicFilteredView.swift; sourceTree = "<group>"; };
		3F778E532922524B00DA2463 /* TaskManager.app */ = {isa = PBXFileReference; explicitFileType = wrapper.application; includeInIndex = 0; path = TaskManager.app; sourceTree = BUILT_PRODUCTS_DIR; };
		3F778E562922524B00DA2463 /* TaskManagerApp.swift */ = {isa = PBXFileReference; lastKnownFileType = sourcecode.swift; path = TaskManagerApp.swift; sourceTree = "<group>"; };
		3F778E582922524B00DA2463 /* ContentView.swift */ = {isa = PBXFileReference; lastKnownFileType = sourcecode.swift; path = ContentView.swift; sourceTree = "<group>"; };
		3F778E5A2922524E00DA2463 /* Assets.xcassets */ = {isa = PBXFileReference; lastKnownFileType = folder.assetcatalog; path = Assets.xcassets; sourceTree = "<group>"; };
		3F778E5D2922524E00DA2463 /* Preview Assets.xcassets */ = {isa = PBXFileReference; lastKnownFileType = folder.assetcatalog; path = "Preview Assets.xcassets"; sourceTree = "<group>"; };
		3F778E5F2922524E00DA2463 /* Persistence.swift */ = {isa = PBXFileReference; lastKnownFileType = sourcecode.swift; path = Persistence.swift; sourceTree = "<group>"; };
		3F778E622922524E00DA2463 /* TaskManager.xcdatamodel */ = {isa = PBXFileReference; lastKnownFileType = wrapper.xcdatamodel; path = TaskManager.xcdatamodel; sourceTree = "<group>"; };
		3F778E6D2922570D00DA2463 /* Home.swift */ = {isa = PBXFileReference; lastKnownFileType = sourcecode.swift; path = Home.swift; sourceTree = "<group>"; };
		3F778E6F29225A4C00DA2463 /* TaskViewModel.swift */ = {isa = PBXFileReference; lastKnownFileType = sourcecode.swift; path = TaskViewModel.swift; sourceTree = "<group>"; };
		3FAB6D8D2936415F0097BE16 /* Intro.swift */ = {isa = PBXFileReference; lastKnownFileType = sourcecode.swift; path = Intro.swift; sourceTree = "<group>"; };
		3FAB6D90293642AC0097BE16 /* AuthToken.swift */ = {isa = PBXFileReference; lastKnownFileType = sourcecode.swift; path = AuthToken.swift; sourceTree = "<group>"; };
		3FAB6D922936436B0097BE16 /* IntroView.swift */ = {isa = PBXFileReference; lastKnownFileType = sourcecode.swift; path = IntroView.swift; sourceTree = "<group>"; };
		3FAB6D9429364A4B0097BE16 /* WorkSans-Medium.ttf */ = {isa = PBXFileReference; lastKnownFileType = file; path = "WorkSans-Medium.ttf"; sourceTree = "<group>"; };
		3FAB6D9529364A4B0097BE16 /* WorkSans-Bold.ttf */ = {isa = PBXFileReference; lastKnownFileType = file; path = "WorkSans-Bold.ttf"; sourceTree = "<group>"; };
		3FAB6D9629364A4B0097BE16 /* WorkSans-Regular.ttf */ = {isa = PBXFileReference; lastKnownFileType = file; path = "WorkSans-Regular.ttf"; sourceTree = "<group>"; };
		3FAB6D9729364A4B0097BE16 /* WorkSans-SemiBold.ttf */ = {isa = PBXFileReference; lastKnownFileType = file; path = "WorkSans-SemiBold.ttf"; sourceTree = "<group>"; };
		3FAB6D9D29364A9A0097BE16 /* Info.plist */ = {isa = PBXFileReference; lastKnownFileType = text.plist; path = Info.plist; sourceTree = "<group>"; };
/* End PBXFileReference section */

/* Begin PBXFrameworksBuildPhase section */
		3F778E502922524B00DA2463 /* Frameworks */ = {
			isa = PBXFrameworksBuildPhase;
			buildActionMask = 2147483647;
			files = (
			);
			runOnlyForDeploymentPostprocessing = 0;
		};
/* End PBXFrameworksBuildPhase section */

/* Begin PBXGroup section */
		3F6D6FA2292FB83E00ED14F8 /* Flows */ = {
			isa = PBXGroup;
			children = (
				3F6D6FA4292FB85100ED14F8 /* OnboardingFlow */,
				3F6D6FA3292FB84200ED14F8 /* WorkFlow */,
			);
			path = Flows;
			sourceTree = "<group>";
		};
		3F6D6FA3292FB84200ED14F8 /* WorkFlow */ = {
			isa = PBXGroup;
			children = (
				3F778E6C292256FD00DA2463 /* Model */,
				3F778E6B292256F700DA2463 /* View */,
				3F778E6A292256E900DA2463 /* ViewModel */,
			);
			path = WorkFlow;
			sourceTree = "<group>";
		};
		3F6D6FA4292FB85100ED14F8 /* OnboardingFlow */ = {
			isa = PBXGroup;
			children = (
				3FC62AD82933537D00EADED1 /* Model */,
				3FC62AD72933537900EADED1 /* View */,
				3FC62AD62933537000EADED1 /* ViewModel */,
			);
			path = OnboardingFlow;
			sourceTree = "<group>";
		};
		3F778E4A2922524B00DA2463 = {
			isa = PBXGroup;
			children = (
				3F778E552922524B00DA2463 /* TaskManager */,
				3F778E692922528300DA2463 /* PresentationLayer */,
				3F778E542922524B00DA2463 /* Products */,
			);
			sourceTree = "<group>";
		};
		3F778E542922524B00DA2463 /* Products */ = {
			isa = PBXGroup;
			children = (
				3F778E532922524B00DA2463 /* TaskManager.app */,
			);
			name = Products;
			sourceTree = "<group>";
		};
		3F778E552922524B00DA2463 /* TaskManager */ = {
			isa = PBXGroup;
			children = (
				3FAB6D9D29364A9A0097BE16 /* Info.plist */,
				3FAB6D9C29364A6D0097BE16 /* Fonts */,
				3F778E562922524B00DA2463 /* TaskManagerApp.swift */,
				3F778E582922524B00DA2463 /* ContentView.swift */,
				3F778E5A2922524E00DA2463 /* Assets.xcassets */,
				3F778E5F2922524E00DA2463 /* Persistence.swift */,
				3F778E612922524E00DA2463 /* TaskManager.xcdatamodeld */,
				3F778E5C2922524E00DA2463 /* Preview Content */,
			);
			path = TaskManager;
			sourceTree = "<group>";
		};
		3F778E5C2922524E00DA2463 /* Preview Content */ = {
			isa = PBXGroup;
			children = (
				3F778E5D2922524E00DA2463 /* Preview Assets.xcassets */,
			);
			path = "Preview Content";
			sourceTree = "<group>";
		};
		3F778E692922528300DA2463 /* PresentationLayer */ = {
			isa = PBXGroup;
			children = (
				3F6D6FA2292FB83E00ED14F8 /* Flows */,
				3FAB6D8F293642990097BE16 /* Constants */,
			);
			path = PresentationLayer;
			sourceTree = "<group>";
		};
		3F778E6A292256E900DA2463 /* ViewModel */ = {
			isa = PBXGroup;
			children = (
				3F778E6F29225A4C00DA2463 /* TaskViewModel.swift */,
			);
			path = ViewModel;
			sourceTree = "<group>";
		};
		3F778E6B292256F700DA2463 /* View */ = {
			isa = PBXGroup;
			children = (
				3F778E6D2922570D00DA2463 /* Home.swift */,
				3F6A261D292689AD003F4A65 /* AddNewTask.swift */,
				3F6FECEC292D0AA100023F98 /* DynamicFilteredView.swift */,
			);
			path = View;
			sourceTree = "<group>";
		};
		3F778E6C292256FD00DA2463 /* Model */ = {
			isa = PBXGroup;
			children = (
			);
			path = Model;
			sourceTree = "<group>";
		};
		3FAB6D8F293642990097BE16 /* Constants */ = {
			isa = PBXGroup;
			children = (
				3FAB6D90293642AC0097BE16 /* AuthToken.swift */,
			);
			path = Constants;
			sourceTree = "<group>";
		};
		3FAB6D9C29364A6D0097BE16 /* Fonts */ = {
			isa = PBXGroup;
			children = (
				3FAB6D9529364A4B0097BE16 /* WorkSans-Bold.ttf */,
				3FAB6D9429364A4B0097BE16 /* WorkSans-Medium.ttf */,
				3FAB6D9629364A4B0097BE16 /* WorkSans-Regular.ttf */,
				3FAB6D9729364A4B0097BE16 /* WorkSans-SemiBold.ttf */,
			);
			path = Fonts;
			sourceTree = "<group>";
		};
		3FC62AD62933537000EADED1 /* ViewModel */ = {
			isa = PBXGroup;
			children = (
			);
			path = ViewModel;
			sourceTree = "<group>";
		};
		3FC62AD72933537900EADED1 /* View */ = {
			isa = PBXGroup;
			children = (
				3FAB6D922936436B0097BE16 /* IntroView.swift */,
			);
			path = View;
			sourceTree = "<group>";
		};
		3FC62AD82933537D00EADED1 /* Model */ = {
			isa = PBXGroup;
			children = (
				3FAB6D8D2936415F0097BE16 /* Intro.swift */,
			);
			path = Model;
			sourceTree = "<group>";
		};
/* End PBXGroup section */

/* Begin PBXNativeTarget section */
		3F778E522922524B00DA2463 /* TaskManager */ = {
			isa = PBXNativeTarget;
			buildConfigurationList = 3F778E662922524E00DA2463 /* Build configuration list for PBXNativeTarget "TaskManager" */;
			buildPhases = (
				3F778E4F2922524B00DA2463 /* Sources */,
				3F778E502922524B00DA2463 /* Frameworks */,
				3F778E512922524B00DA2463 /* Resources */,
			);
			buildRules = (
			);
			dependencies = (
			);
			name = TaskManager;
			productName = TaskManager;
			productReference = 3F778E532922524B00DA2463 /* TaskManager.app */;
			productType = "com.apple.product-type.application";
		};
/* End PBXNativeTarget section */

/* Begin PBXProject section */
		3F778E4B2922524B00DA2463 /* Project object */ = {
			isa = PBXProject;
			attributes = {
				BuildIndependentTargetsInParallel = 1;
				LastSwiftUpdateCheck = 1410;
				LastUpgradeCheck = 1410;
				TargetAttributes = {
					3F778E522922524B00DA2463 = {
						CreatedOnToolsVersion = 14.1;
					};
				};
			};
			buildConfigurationList = 3F778E4E2922524B00DA2463 /* Build configuration list for PBXProject "TaskManager" */;
			compatibilityVersion = "Xcode 14.0";
			developmentRegion = en;
			hasScannedForEncodings = 0;
			knownRegions = (
				en,
				Base,
			);
			mainGroup = 3F778E4A2922524B00DA2463;
			productRefGroup = 3F778E542922524B00DA2463 /* Products */;
			projectDirPath = "";
			projectRoot = "";
			targets = (
				3F778E522922524B00DA2463 /* TaskManager */,
			);
		};
/* End PBXProject section */

/* Begin PBXResourcesBuildPhase section */
		3F778E512922524B00DA2463 /* Resources */ = {
			isa = PBXResourcesBuildPhase;
			buildActionMask = 2147483647;
			files = (
				3F778E5E2922524E00DA2463 /* Preview Assets.xcassets in Resources */,
				3F778E5B2922524E00DA2463 /* Assets.xcassets in Resources */,
				3FAB6D9829364A4B0097BE16 /* WorkSans-Medium.ttf in Resources */,
				3FAB6D9929364A4B0097BE16 /* WorkSans-Bold.ttf in Resources */,
				3FAB6D9A29364A4B0097BE16 /* WorkSans-Regular.ttf in Resources */,
				3FAB6D9B29364A4B0097BE16 /* WorkSans-SemiBold.ttf in Resources */,
			);
			runOnlyForDeploymentPostprocessing = 0;
		};
/* End PBXResourcesBuildPhase section */

/* Begin PBXSourcesBuildPhase section */
		3F778E4F2922524B00DA2463 /* Sources */ = {
			isa = PBXSourcesBuildPhase;
			buildActionMask = 2147483647;
			files = (
				3F778E602922524E00DA2463 /* Persistence.swift in Sources */,
				3F778E7029225A4C00DA2463 /* TaskViewModel.swift in Sources */,
				3FAB6D8E2936415F0097BE16 /* Intro.swift in Sources */,
				3FAB6D91293642AC0097BE16 /* AuthToken.swift in Sources */,
				3F778E592922524B00DA2463 /* ContentView.swift in Sources */,
				3F6FECED292D0AA100023F98 /* DynamicFilteredView.swift in Sources */,
				3F778E6E2922570D00DA2463 /* Home.swift in Sources */,
				3F6A261E292689AD003F4A65 /* AddNewTask.swift in Sources */,
				3F778E632922524E00DA2463 /* TaskManager.xcdatamodeld in Sources */,
				3FAB6D932936436B0097BE16 /* IntroView.swift in Sources */,
				3F778E572922524B00DA2463 /* TaskManagerApp.swift in Sources */,
			);
			runOnlyForDeploymentPostprocessing = 0;
		};
/* End PBXSourcesBuildPhase section */

/* Begin XCBuildConfiguration section */
		3F778E642922524E00DA2463 /* Debug */ = {
			isa = XCBuildConfiguration;
			buildSettings = {
				ALWAYS_SEARCH_USER_PATHS = NO;
				CLANG_ANALYZER_NONNULL = YES;
				CLANG_ANALYZER_NUMBER_OBJECT_CONVERSION = YES_AGGRESSIVE;
				CLANG_CXX_LANGUAGE_STANDARD = "gnu++20";
				CLANG_ENABLE_MODULES = YES;
				CLANG_ENABLE_OBJC_ARC = YES;
				CLANG_ENABLE_OBJC_WEAK = YES;
				CLANG_WARN_BLOCK_CAPTURE_AUTORELEASING = YES;
				CLANG_WARN_BOOL_CONVERSION = YES;
				CLANG_WARN_COMMA = YES;
				CLANG_WARN_CONSTANT_CONVERSION = YES;
				CLANG_WARN_DEPRECATED_OBJC_IMPLEMENTATIONS = YES;
				CLANG_WARN_DIRECT_OBJC_ISA_USAGE = YES_ERROR;
				CLANG_WARN_DOCUMENTATION_COMMENTS = YES;
				CLANG_WARN_EMPTY_BODY = YES;
				CLANG_WARN_ENUM_CONVERSION = YES;
				CLANG_WARN_INFINITE_RECURSION = YES;
				CLANG_WARN_INT_CONVERSION = YES;
				CLANG_WARN_NON_LITERAL_NULL_CONVERSION = YES;
				CLANG_WARN_OBJC_IMPLICIT_RETAIN_SELF = YES;
				CLANG_WARN_OBJC_LITERAL_CONVERSION = YES;
				CLANG_WARN_OBJC_ROOT_CLASS = YES_ERROR;
				CLANG_WARN_QUOTED_INCLUDE_IN_FRAMEWORK_HEADER = YES;
				CLANG_WARN_RANGE_LOOP_ANALYSIS = YES;
				CLANG_WARN_STRICT_PROTOTYPES = YES;
				CLANG_WARN_SUSPICIOUS_MOVE = YES;
				CLANG_WARN_UNGUARDED_AVAILABILITY = YES_AGGRESSIVE;
				CLANG_WARN_UNREACHABLE_CODE = YES;
				CLANG_WARN__DUPLICATE_METHOD_MATCH = YES;
				COPY_PHASE_STRIP = NO;
				DEBUG_INFORMATION_FORMAT = dwarf;
				ENABLE_STRICT_OBJC_MSGSEND = YES;
				ENABLE_TESTABILITY = YES;
				GCC_C_LANGUAGE_STANDARD = gnu11;
				GCC_DYNAMIC_NO_PIC = NO;
				GCC_NO_COMMON_BLOCKS = YES;
				GCC_OPTIMIZATION_LEVEL = 0;
				GCC_PREPROCESSOR_DEFINITIONS = (
					"DEBUG=1",
					"$(inherited)",
				);
				GCC_WARN_64_TO_32_BIT_CONVERSION = YES;
				GCC_WARN_ABOUT_RETURN_TYPE = YES_ERROR;
				GCC_WARN_UNDECLARED_SELECTOR = YES;
				GCC_WARN_UNINITIALIZED_AUTOS = YES_AGGRESSIVE;
				GCC_WARN_UNUSED_FUNCTION = YES;
				GCC_WARN_UNUSED_VARIABLE = YES;
				IPHONEOS_DEPLOYMENT_TARGET = 16.1;
				MTL_ENABLE_DEBUG_INFO = INCLUDE_SOURCE;
				MTL_FAST_MATH = YES;
				ONLY_ACTIVE_ARCH = YES;
				SDKROOT = iphoneos;
				SWIFT_ACTIVE_COMPILATION_CONDITIONS = DEBUG;
				SWIFT_OPTIMIZATION_LEVEL = "-Onone";
			};
			name = Debug;
		};
		3F778E652922524E00DA2463 /* Release */ = {
			isa = XCBuildConfiguration;
			buildSettings = {
				ALWAYS_SEARCH_USER_PATHS = NO;
				CLANG_ANALYZER_NONNULL = YES;
				CLANG_ANALYZER_NUMBER_OBJECT_CONVERSION = YES_AGGRESSIVE;
				CLANG_CXX_LANGUAGE_STANDARD = "gnu++20";
				CLANG_ENABLE_MODULES = YES;
				CLANG_ENABLE_OBJC_ARC = YES;
				CLANG_ENABLE_OBJC_WEAK = YES;
				CLANG_WARN_BLOCK_CAPTURE_AUTORELEASING = YES;
				CLANG_WARN_BOOL_CONVERSION = YES;
				CLANG_WARN_COMMA = YES;
				CLANG_WARN_CONSTANT_CONVERSION = YES;
				CLANG_WARN_DEPRECATED_OBJC_IMPLEMENTATIONS = YES;
				CLANG_WARN_DIRECT_OBJC_ISA_USAGE = YES_ERROR;
				CLANG_WARN_DOCUMENTATION_COMMENTS = YES;
				CLANG_WARN_EMPTY_BODY = YES;
				CLANG_WARN_ENUM_CONVERSION = YES;
				CLANG_WARN_INFINITE_RECURSION = YES;
				CLANG_WARN_INT_CONVERSION = YES;
				CLANG_WARN_NON_LITERAL_NULL_CONVERSION = YES;
				CLANG_WARN_OBJC_IMPLICIT_RETAIN_SELF = YES;
				CLANG_WARN_OBJC_LITERAL_CONVERSION = YES;
				CLANG_WARN_OBJC_ROOT_CLASS = YES_ERROR;
				CLANG_WARN_QUOTED_INCLUDE_IN_FRAMEWORK_HEADER = YES;
				CLANG_WARN_RANGE_LOOP_ANALYSIS = YES;
				CLANG_WARN_STRICT_PROTOTYPES = YES;
				CLANG_WARN_SUSPICIOUS_MOVE = YES;
				CLANG_WARN_UNGUARDED_AVAILABILITY = YES_AGGRESSIVE;
				CLANG_WARN_UNREACHABLE_CODE = YES;
				CLANG_WARN__DUPLICATE_METHOD_MATCH = YES;
				COPY_PHASE_STRIP = NO;
				DEBUG_INFORMATION_FORMAT = "dwarf-with-dsym";
				ENABLE_NS_ASSERTIONS = NO;
				ENABLE_STRICT_OBJC_MSGSEND = YES;
				GCC_C_LANGUAGE_STANDARD = gnu11;
				GCC_NO_COMMON_BLOCKS = YES;
				GCC_WARN_64_TO_32_BIT_CONVERSION = YES;
				GCC_WARN_ABOUT_RETURN_TYPE = YES_ERROR;
				GCC_WARN_UNDECLARED_SELECTOR = YES;
				GCC_WARN_UNINITIALIZED_AUTOS = YES_AGGRESSIVE;
				GCC_WARN_UNUSED_FUNCTION = YES;
				GCC_WARN_UNUSED_VARIABLE = YES;
				IPHONEOS_DEPLOYMENT_TARGET = 16.1;
				MTL_ENABLE_DEBUG_INFO = NO;
				MTL_FAST_MATH = YES;
				SDKROOT = iphoneos;
				SWIFT_COMPILATION_MODE = wholemodule;
				SWIFT_OPTIMIZATION_LEVEL = "-O";
				VALIDATE_PRODUCT = YES;
			};
			name = Release;
		};
		3F778E672922524E00DA2463 /* Debug */ = {
			isa = XCBuildConfiguration;
			buildSettings = {
				ASSETCATALOG_COMPILER_APPICON_NAME = AppIcon;
				ASSETCATALOG_COMPILER_GLOBAL_ACCENT_COLOR_NAME = AccentColor;
				CODE_SIGN_STYLE = Automatic;
				CURRENT_PROJECT_VERSION = 1;
				DEVELOPMENT_ASSET_PATHS = "\"TaskManager/Preview Content\"";
				DEVELOPMENT_TEAM = 3ZD26S5Y8Y;
				ENABLE_PREVIEWS = YES;
				GENERATE_INFOPLIST_FILE = YES;
				INFOPLIST_FILE = TaskManager/Info.plist;
				INFOPLIST_KEY_UIApplicationSceneManifest_Generation = YES;
				INFOPLIST_KEY_UIApplicationSupportsIndirectInputEvents = YES;
				INFOPLIST_KEY_UILaunchScreen_Generation = YES;
				INFOPLIST_KEY_UISupportedInterfaceOrientations = UIInterfaceOrientationPortrait;
				INFOPLIST_KEY_UISupportedInterfaceOrientations_iPad = "UIInterfaceOrientationLandscapeLeft UIInterfaceOrientationLandscapeRight UIInterfaceOrientationPortrait UIInterfaceOrientationPortraitUpsideDown";
				IPHONEOS_DEPLOYMENT_TARGET = 16.0;
				LD_RUNPATH_SEARCH_PATHS = (
					"$(inherited)",
					"@executable_path/Frameworks",
				);
				MARKETING_VERSION = 1.0;
				PRODUCT_BUNDLE_IDENTIFIER = com.nyit.TaskManager;
				PRODUCT_NAME = "$(TARGET_NAME)";
				SUPPORTED_PLATFORMS = "iphoneos iphonesimulator";
				SUPPORTS_MACCATALYST = NO;
				SUPPORTS_MAC_DESIGNED_FOR_IPHONE_IPAD = NO;
				SWIFT_EMIT_LOC_STRINGS = YES;
				SWIFT_VERSION = 5.0;
				TARGETED_DEVICE_FAMILY = 1;
			};
			name = Debug;
		};
		3F778E682922524E00DA2463 /* Release */ = {
			isa = XCBuildConfiguration;
			buildSettings = {
				ASSETCATALOG_COMPILER_APPICON_NAME = AppIcon;
				ASSETCATALOG_COMPILER_GLOBAL_ACCENT_COLOR_NAME = AccentColor;
				CODE_SIGN_STYLE = Automatic;
				CURRENT_PROJECT_VERSION = 1;
				DEVELOPMENT_ASSET_PATHS = "\"TaskManager/Preview Content\"";
				DEVELOPMENT_TEAM = 3ZD26S5Y8Y;
				ENABLE_PREVIEWS = YES;
				GENERATE_INFOPLIST_FILE = YES;
				INFOPLIST_FILE = TaskManager/Info.plist;
				INFOPLIST_KEY_UIApplicationSceneManifest_Generation = YES;
				INFOPLIST_KEY_UIApplicationSupportsIndirectInputEvents = YES;
				INFOPLIST_KEY_UILaunchScreen_Generation = YES;
				INFOPLIST_KEY_UISupportedInterfaceOrientations = UIInterfaceOrientationPortrait;
				INFOPLIST_KEY_UISupportedInterfaceOrientations_iPad = "UIInterfaceOrientationLandscapeLeft UIInterfaceOrientationLandscapeRight UIInterfaceOrientationPortrait UIInterfaceOrientationPortraitUpsideDown";
				IPHONEOS_DEPLOYMENT_TARGET = 16.0;
				LD_RUNPATH_SEARCH_PATHS = (
					"$(inherited)",
					"@executable_path/Frameworks",
				);
				MARKETING_VERSION = 1.0;
				PRODUCT_BUNDLE_IDENTIFIER = com.nyit.TaskManager;
				PRODUCT_NAME = "$(TARGET_NAME)";
				SUPPORTED_PLATFORMS = "iphoneos iphonesimulator";
				SUPPORTS_MACCATALYST = NO;
				SUPPORTS_MAC_DESIGNED_FOR_IPHONE_IPAD = NO;
				SWIFT_EMIT_LOC_STRINGS = YES;
				SWIFT_VERSION = 5.0;
				TARGETED_DEVICE_FAMILY = 1;
			};
			name = Release;
		};
/* End XCBuildConfiguration section */

/* Begin XCConfigurationList section */
		3F778E4E2922524B00DA2463 /* Build configuration list for PBXProject "TaskManager" */ = {
			isa = XCConfigurationList;
			buildConfigurations = (
				3F778E642922524E00DA2463 /* Debug */,
				3F778E652922524E00DA2463 /* Release */,
			);
			defaultConfigurationIsVisible = 0;
			defaultConfigurationName = Release;
		};
		3F778E662922524E00DA2463 /* Build configuration list for PBXNativeTarget "TaskManager" */ = {
			isa = XCConfigurationList;
			buildConfigurations = (
				3F778E672922524E00DA2463 /* Debug */,
				3F778E682922524E00DA2463 /* Release */,
			);
			defaultConfigurationIsVisible = 0;
			defaultConfigurationName = Release;
		};
/* End XCConfigurationList section */

/* Begin XCVersionGroup section */
		3F778E612922524E00DA2463 /* TaskManager.xcdatamodeld */ = {
			isa = XCVersionGroup;
			children = (
				3F778E622922524E00DA2463 /* TaskManager.xcdatamodel */,
			);
			currentVersion = 3F778E622922524E00DA2463 /* TaskManager.xcdatamodel */;
			path = TaskManager.xcdatamodeld;
			sourceTree = "<group>";
			versionGroupType = wrapper.xcdatamodel;
		};
/* End XCVersionGroup section */
	};
	rootObject = 3F778E4B2922524B00DA2463 /* Project object */;
}
